
Microsoft Visual Studio Solution File, Format Version 12.00
# Visual Studio 2012
Project("{FAE04EC0-301F-11D3-BF4B-00C04F79EFBC}") = "zero_cool_dev", "zero_cool_dev\zero_cool_dev.csproj", "{D56E5AF9-BBC4-46CE-9578-EF684A6A456E}"
EndProject
Global
	GlobalSection(SolutionConfigurationPlatforms) = preSolution
		Debug|Any CPU = Debug|Any CPU
		Release|Any CPU = Release|Any CPU
	EndGlobalSection
	GlobalSection(ProjectConfigurationPlatforms) = postSolution
		{D56E5AF9-BBC4-46CE-9578-EF684A6A456E}.Debug|Any CPU.ActiveCfg = Debug|Any CPU
		{D56E5AF9-BBC4-46CE-9578-EF684A6A456E}.Debug|Any CPU.Build.0 = Debug|Any CPU
		{D56E5AF9-BBC4-46CE-9578-EF684A6A456E}.Release|Any CPU.ActiveCfg = Release|Any CPU
		{D56E5AF9-BBC4-46CE-9578-EF684A6A456E}.Release|Any CPU.Build.0 = Release|Any CPU
	EndGlobalSection
	GlobalSection(SolutionProperties) = preSolution
		HideSolutionNode = FALSE
	EndGlobalSection
EndGlobal
