
Microsoft Visual Studio Solution File, Format Version 12.00
# Visual Studio 2012
Project("{FAE04EC0-301F-11D3-BF4B-00C04F79EFBC}") = "Asml-MHS", "Asml-MHS\Asml-MHS.csproj", "{F476A17A-0AC1-4CA0-9934-54899D0F33BD}"
EndProject
Project("{FAE04EC0-301F-11D3-BF4B-00C04F79EFBC}") = "TargetManager", "Targets\TargetManager.csproj", "{00B9A769-1000-4F60-9036-FFDFDFAB1829}"
EndProject
Project("{FAE04EC0-301F-11D3-BF4B-00C04F79EFBC}") = "OperationsManager", "OperationsManager\OperationsManager.csproj", "{A8EF2CA4-A64A-4700-9454-470A667707CC}"
EndProject
Project("{FAE04EC0-301F-11D3-BF4B-00C04F79EFBC}") = "TurretManager", "TurretManager\TurretManager.csproj", "{B69AA4C3-2FA9-4EF1-87C8-D88722E3E1F7}"
EndProject
Project("{FAE04EC0-301F-11D3-BF4B-00C04F79EFBC}") = "Video", "Video\Video.csproj", "{69AB4C23-4F03-4D2A-8E8C-D40E69D63D4F}"
EndProject
Project("{FAE04EC0-301F-11D3-BF4B-00C04F79EFBC}") = "Camera", "Camera\Camera.csproj", "{26C83FA1-ABCD-4F95-A265-574EBB1DE9A8}"
EndProject
Project("{FAE04EC0-301F-11D3-BF4B-00C04F79EFBC}") = "searchmode", "searchmode\searchmode.csproj", "{6F8EC8C4-FD2F-4A49-A446-49E5DEB8B0B3}"
EndProject
Project("{FAE04EC0-301F-11D3-BF4B-00C04F79EFBC}") = "Timer", "Timer\Timer.csproj", "{79DEA423-3B57-4624-9601-406A5832F673}"
EndProject
Project("{F088123C-0E9E-452A-89E6-6BA2F21D5CAC}") = "Asml-MHS-ModelingProject", "Asml-MHS-ModelingFinalProject\Asml-MHS-ModelingProject.modelproj", "{770701DE-E5E8-4D2B-B80C-222372BE0E6F}"
EndProject
Project("{FAE04EC0-301F-11D3-BF4B-00C04F79EFBC}") = "ASMLTargetValidator", "TargetValidator\ASMLTargetValidator.csproj", "{04756FD5-D79D-43A8-90B1-78353132F759}"
EndProject
Project("{FAE04EC0-301F-11D3-BF4B-00C04F79EFBC}") = "Fleck", "Fleck\Fleck.csproj", "{8B12D929-AFA9-4307-BEFF-2ED0F1070FEE}"
EndProject
Global
	GlobalSection(SolutionConfigurationPlatforms) = preSolution
		Debug|Any CPU = Debug|Any CPU
		Release|Any CPU = Release|Any CPU
	EndGlobalSection
	GlobalSection(ProjectConfigurationPlatforms) = postSolution
		{F476A17A-0AC1-4CA0-9934-54899D0F33BD}.Debug|Any CPU.ActiveCfg = Debug|Any CPU
		{F476A17A-0AC1-4CA0-9934-54899D0F33BD}.Debug|Any CPU.Build.0 = Debug|Any CPU
		{F476A17A-0AC1-4CA0-9934-54899D0F33BD}.Release|Any CPU.ActiveCfg = Release|Any CPU
		{F476A17A-0AC1-4CA0-9934-54899D0F33BD}.Release|Any CPU.Build.0 = Release|Any CPU
		{00B9A769-1000-4F60-9036-FFDFDFAB1829}.Debug|Any CPU.ActiveCfg = Debug|Any CPU
		{00B9A769-1000-4F60-9036-FFDFDFAB1829}.Debug|Any CPU.Build.0 = Debug|Any CPU
		{00B9A769-1000-4F60-9036-FFDFDFAB1829}.Release|Any CPU.ActiveCfg = Release|Any CPU
		{00B9A769-1000-4F60-9036-FFDFDFAB1829}.Release|Any CPU.Build.0 = Release|Any CPU
		{A8EF2CA4-A64A-4700-9454-470A667707CC}.Debug|Any CPU.ActiveCfg = Debug|Any CPU
		{A8EF2CA4-A64A-4700-9454-470A667707CC}.Debug|Any CPU.Build.0 = Debug|Any CPU
		{A8EF2CA4-A64A-4700-9454-470A667707CC}.Release|Any CPU.ActiveCfg = Release|Any CPU
		{A8EF2CA4-A64A-4700-9454-470A667707CC}.Release|Any CPU.Build.0 = Release|Any CPU
		{B69AA4C3-2FA9-4EF1-87C8-D88722E3E1F7}.Debug|Any CPU.ActiveCfg = Debug|Any CPU
		{B69AA4C3-2FA9-4EF1-87C8-D88722E3E1F7}.Debug|Any CPU.Build.0 = Debug|Any CPU
		{B69AA4C3-2FA9-4EF1-87C8-D88722E3E1F7}.Release|Any CPU.ActiveCfg = Release|Any CPU
		{B69AA4C3-2FA9-4EF1-87C8-D88722E3E1F7}.Release|Any CPU.Build.0 = Release|Any CPU
		{69AB4C23-4F03-4D2A-8E8C-D40E69D63D4F}.Debug|Any CPU.ActiveCfg = Debug|Any CPU
		{69AB4C23-4F03-4D2A-8E8C-D40E69D63D4F}.Debug|Any CPU.Build.0 = Debug|Any CPU
		{69AB4C23-4F03-4D2A-8E8C-D40E69D63D4F}.Release|Any CPU.ActiveCfg = Release|Any CPU
		{69AB4C23-4F03-4D2A-8E8C-D40E69D63D4F}.Release|Any CPU.Build.0 = Release|Any CPU
		{26C83FA1-ABCD-4F95-A265-574EBB1DE9A8}.Debug|Any CPU.ActiveCfg = Debug|Any CPU
		{26C83FA1-ABCD-4F95-A265-574EBB1DE9A8}.Debug|Any CPU.Build.0 = Debug|Any CPU
		{26C83FA1-ABCD-4F95-A265-574EBB1DE9A8}.Release|Any CPU.ActiveCfg = Release|Any CPU
		{26C83FA1-ABCD-4F95-A265-574EBB1DE9A8}.Release|Any CPU.Build.0 = Release|Any CPU
		{6F8EC8C4-FD2F-4A49-A446-49E5DEB8B0B3}.Debug|Any CPU.ActiveCfg = Debug|Any CPU
		{6F8EC8C4-FD2F-4A49-A446-49E5DEB8B0B3}.Debug|Any CPU.Build.0 = Debug|Any CPU
		{6F8EC8C4-FD2F-4A49-A446-49E5DEB8B0B3}.Release|Any CPU.ActiveCfg = Release|Any CPU
		{6F8EC8C4-FD2F-4A49-A446-49E5DEB8B0B3}.Release|Any CPU.Build.0 = Release|Any CPU
		{79DEA423-3B57-4624-9601-406A5832F673}.Debug|Any CPU.ActiveCfg = Debug|Any CPU
		{79DEA423-3B57-4624-9601-406A5832F673}.Debug|Any CPU.Build.0 = Debug|Any CPU
		{79DEA423-3B57-4624-9601-406A5832F673}.Release|Any CPU.ActiveCfg = Release|Any CPU
		{79DEA423-3B57-4624-9601-406A5832F673}.Release|Any CPU.Build.0 = Release|Any CPU
		{770701DE-E5E8-4D2B-B80C-222372BE0E6F}.Debug|Any CPU.ActiveCfg = Debug|Any CPU
		{770701DE-E5E8-4D2B-B80C-222372BE0E6F}.Debug|Any CPU.Build.0 = Debug|Any CPU
		{770701DE-E5E8-4D2B-B80C-222372BE0E6F}.Release|Any CPU.ActiveCfg = Release|Any CPU
		{770701DE-E5E8-4D2B-B80C-222372BE0E6F}.Release|Any CPU.Build.0 = Release|Any CPU
		{04756FD5-D79D-43A8-90B1-78353132F759}.Debug|Any CPU.ActiveCfg = Debug|Any CPU
		{04756FD5-D79D-43A8-90B1-78353132F759}.Debug|Any CPU.Build.0 = Debug|Any CPU
		{04756FD5-D79D-43A8-90B1-78353132F759}.Release|Any CPU.ActiveCfg = Release|Any CPU
		{04756FD5-D79D-43A8-90B1-78353132F759}.Release|Any CPU.Build.0 = Release|Any CPU
		{8B12D929-AFA9-4307-BEFF-2ED0F1070FEE}.Debug|Any CPU.ActiveCfg = Debug|Any CPU
		{8B12D929-AFA9-4307-BEFF-2ED0F1070FEE}.Debug|Any CPU.Build.0 = Debug|Any CPU
		{8B12D929-AFA9-4307-BEFF-2ED0F1070FEE}.Release|Any CPU.ActiveCfg = Release|Any CPU
		{8B12D929-AFA9-4307-BEFF-2ED0F1070FEE}.Release|Any CPU.Build.0 = Release|Any CPU
	EndGlobalSection
	GlobalSection(SolutionProperties) = preSolution
		HideSolutionNode = FALSE
	EndGlobalSection
EndGlobal
