
Microsoft Visual Studio Solution File, Format Version 12.00
# Visual Studio 2012
Project("{FAE04EC0-301F-11D3-BF4B-00C04F79EFBC}") = "MLA2", "MLA2\MLA2.csproj", "{3339C212-E223-4C5F-9E55-C1A35CDB6BEA}"
EndProject
Global
	GlobalSection(SolutionConfigurationPlatforms) = preSolution
		Debug|Any CPU = Debug|Any CPU
		Release|Any CPU = Release|Any CPU
	EndGlobalSection
	GlobalSection(ProjectConfigurationPlatforms) = postSolution
		{3339C212-E223-4C5F-9E55-C1A35CDB6BEA}.Debug|Any CPU.ActiveCfg = Debug|Any CPU
		{3339C212-E223-4C5F-9E55-C1A35CDB6BEA}.Debug|Any CPU.Build.0 = Debug|Any CPU
		{3339C212-E223-4C5F-9E55-C1A35CDB6BEA}.Release|Any CPU.ActiveCfg = Release|Any CPU
		{3339C212-E223-4C5F-9E55-C1A35CDB6BEA}.Release|Any CPU.Build.0 = Release|Any CPU
	EndGlobalSection
	GlobalSection(SolutionProperties) = preSolution
		HideSolutionNode = FALSE
	EndGlobalSection
EndGlobal
